<?xml version="1.0" encoding="UTF-8"?>
<CodeBlocks_project_file>
	<FileVersion major="1" minor="6"/>
	<Project>
		<Option title="MyRPGGame"/>
		<Option makefile_is_custom="1"/>
		<Option compiler="gcc"/>
		<Option virtualFolders="CMake Files\;CMake Files\..\;CMake Files\..\..\;CMake Files\..\..\..\;CMake Files\..\..\..\..\;CMake Files\..\..\..\..\..\;CMake Files\..\..\..\..\..\Library\;CMake Files\..\..\..\..\..\Library\Frameworks\;CMake Files\..\..\..\..\..\Library\Frameworks\SFML.framework\;CMake Files\..\..\..\..\..\Library\Frameworks\SFML.framework\Resources\;CMake Files\..\..\..\..\..\Library\Frameworks\SFML.framework\Resources\CMake\;"/>
		<Build>
			<Target title="all">
				<Option working_dir="/Users/zivlazarov/Projects/C++/MyRPGGame"/>
				<Option type="4"/>
				<MakeCommands>
					<Build command="/opt/homebrew/bin/gmake -f &quot;/Users/zivlazarov/Projects/C++/MyRPGGame/Makefile&quot;  VERBOSE=1 all"/>
					<CompileFile command="/opt/homebrew/bin/gmake -f &quot;/Users/zivlazarov/Projects/C++/MyRPGGame/Makefile&quot;  VERBOSE=1 &quot;$file&quot;"/>
					<Clean command="/opt/homebrew/bin/gmake -f &quot;/Users/zivlazarov/Projects/C++/MyRPGGame/Makefile&quot;  VERBOSE=1 clean"/>
					<DistClean command="/opt/homebrew/bin/gmake -f &quot;/Users/zivlazarov/Projects/C++/MyRPGGame/Makefile&quot;  VERBOSE=1 clean"/>
				</MakeCommands>
			</Target>
			<Target title="main.out">
				<Option output="/Users/zivlazarov/Projects/C++/MyRPGGame/main.out" prefix_auto="0" extension_auto="0"/>
				<Option working_dir="/Users/zivlazarov/Projects/C++/MyRPGGame"/>
				<Option object_output="./"/>
				<Option type="1"/>
				<Option compiler="gcc"/>
				<Compiler>
					<Add directory="/Library/Frameworks/SFML.framework"/>
				</Compiler>
				<MakeCommands>
					<Build command="/opt/homebrew/bin/gmake -f &quot;/Users/zivlazarov/Projects/C++/MyRPGGame/Makefile&quot;  VERBOSE=1 main.out"/>
					<CompileFile command="/opt/homebrew/bin/gmake -f &quot;/Users/zivlazarov/Projects/C++/MyRPGGame/Makefile&quot;  VERBOSE=1 &quot;$file&quot;"/>
					<Clean command="/opt/homebrew/bin/gmake -f &quot;/Users/zivlazarov/Projects/C++/MyRPGGame/Makefile&quot;  VERBOSE=1 clean"/>
					<DistClean command="/opt/homebrew/bin/gmake -f &quot;/Users/zivlazarov/Projects/C++/MyRPGGame/Makefile&quot;  VERBOSE=1 clean"/>
				</MakeCommands>
			</Target>
			<Target title="main.out/fast">
				<Option output="/Users/zivlazarov/Projects/C++/MyRPGGame/main.out" prefix_auto="0" extension_auto="0"/>
				<Option working_dir="/Users/zivlazarov/Projects/C++/MyRPGGame"/>
				<Option object_output="./"/>
				<Option type="1"/>
				<Option compiler="gcc"/>
				<Compiler>
					<Add directory="/Library/Frameworks/SFML.framework"/>
				</Compiler>
				<MakeCommands>
					<Build command="/opt/homebrew/bin/gmake -f &quot;/Users/zivlazarov/Projects/C++/MyRPGGame/Makefile&quot;  VERBOSE=1 main.out/fast"/>
					<CompileFile command="/opt/homebrew/bin/gmake -f &quot;/Users/zivlazarov/Projects/C++/MyRPGGame/Makefile&quot;  VERBOSE=1 &quot;$file&quot;"/>
					<Clean command="/opt/homebrew/bin/gmake -f &quot;/Users/zivlazarov/Projects/C++/MyRPGGame/Makefile&quot;  VERBOSE=1 clean"/>
					<DistClean command="/opt/homebrew/bin/gmake -f &quot;/Users/zivlazarov/Projects/C++/MyRPGGame/Makefile&quot;  VERBOSE=1 clean"/>
				</MakeCommands>
			</Target>
			<Target title="edit_cache">
				<Option working_dir="/Users/zivlazarov/Projects/C++/MyRPGGame"/>
				<Option type="4"/>
				<MakeCommands>
					<Build command="/opt/homebrew/bin/gmake -f &quot;/Users/zivlazarov/Projects/C++/MyRPGGame/Makefile&quot;  VERBOSE=1 edit_cache"/>
					<CompileFile command="/opt/homebrew/bin/gmake -f &quot;/Users/zivlazarov/Projects/C++/MyRPGGame/Makefile&quot;  VERBOSE=1 &quot;$file&quot;"/>
					<Clean command="/opt/homebrew/bin/gmake -f &quot;/Users/zivlazarov/Projects/C++/MyRPGGame/Makefile&quot;  VERBOSE=1 clean"/>
					<DistClean command="/opt/homebrew/bin/gmake -f &quot;/Users/zivlazarov/Projects/C++/MyRPGGame/Makefile&quot;  VERBOSE=1 clean"/>
				</MakeCommands>
			</Target>
			<Target title="rebuild_cache">
				<Option working_dir="/Users/zivlazarov/Projects/C++/MyRPGGame"/>
				<Option type="4"/>
				<MakeCommands>
					<Build command="/opt/homebrew/bin/gmake -f &quot;/Users/zivlazarov/Projects/C++/MyRPGGame/Makefile&quot;  VERBOSE=1 rebuild_cache"/>
					<CompileFile command="/opt/homebrew/bin/gmake -f &quot;/Users/zivlazarov/Projects/C++/MyRPGGame/Makefile&quot;  VERBOSE=1 &quot;$file&quot;"/>
					<Clean command="/opt/homebrew/bin/gmake -f &quot;/Users/zivlazarov/Projects/C++/MyRPGGame/Makefile&quot;  VERBOSE=1 clean"/>
					<DistClean command="/opt/homebrew/bin/gmake -f &quot;/Users/zivlazarov/Projects/C++/MyRPGGame/Makefile&quot;  VERBOSE=1 clean"/>
				</MakeCommands>
			</Target>
		</Build>
		<Unit filename="/Users/zivlazarov/Projects/C++/MyRPGGame/MyRPGGame/src/Circle.cpp">
			<Option target="main.out"/>
		</Unit>
		<Unit filename="/Users/zivlazarov/Projects/C++/MyRPGGame/MyRPGGame/src/Game.cpp">
			<Option target="main.out"/>
		</Unit>
		<Unit filename="/Users/zivlazarov/Projects/C++/MyRPGGame/MyRPGGame/src/GameEntity.cpp">
			<Option target="main.out"/>
		</Unit>
		<Unit filename="/Users/zivlazarov/Projects/C++/MyRPGGame/MyRPGGame/src/GameEntityBattle.cpp">
			<Option target="main.out"/>
		</Unit>
		<Unit filename="/Users/zivlazarov/Projects/C++/MyRPGGame/MyRPGGame/src/GameEntityMovement.cpp">
			<Option target="main.out"/>
		</Unit>
		<Unit filename="/Users/zivlazarov/Projects/C++/MyRPGGame/MyRPGGame/src/GameMap.cpp">
			<Option target="main.out"/>
		</Unit>
		<Unit filename="/Users/zivlazarov/Projects/C++/MyRPGGame/MyRPGGame/src/Heap.cpp">
			<Option target="main.out"/>
		</Unit>
		<Unit filename="/Users/zivlazarov/Projects/C++/MyRPGGame/MyRPGGame/src/LandscapeEntity.cpp">
			<Option target="main.out"/>
		</Unit>
		<Unit filename="/Users/zivlazarov/Projects/C++/MyRPGGame/MyRPGGame/src/MovementSubject.cpp">
			<Option target="main.out"/>
		</Unit>
		<Unit filename="/Users/zivlazarov/Projects/C++/MyRPGGame/MyRPGGame/src/NPCEnemy.cpp">
			<Option target="main.out"/>
		</Unit>
		<Unit filename="/Users/zivlazarov/Projects/C++/MyRPGGame/MyRPGGame/src/Player.cpp">
			<Option target="main.out"/>
		</Unit>
		<Unit filename="/Users/zivlazarov/Projects/C++/MyRPGGame/MyRPGGame/src/Point.cpp">
			<Option target="main.out"/>
		</Unit>
		<Unit filename="/Users/zivlazarov/Projects/C++/MyRPGGame/MyRPGGame/src/Projectile.cpp">
			<Option target="main.out"/>
		</Unit>
		<Unit filename="/Users/zivlazarov/Projects/C++/MyRPGGame/MyRPGGame/src/TextureLoader.cpp">
			<Option target="main.out"/>
		</Unit>
		<Unit filename="/Users/zivlazarov/Projects/C++/MyRPGGame/MyRPGGame/src/Weapon.cpp">
			<Option target="main.out"/>
		</Unit>
		<Unit filename="/Users/zivlazarov/Projects/C++/MyRPGGame/MyRPGGame/src/main.cpp">
			<Option target="main.out"/>
		</Unit>
		<Unit filename="/Users/zivlazarov/Projects/C++/MyRPGGame/CMakeLists.txt">
			<Option virtualFolder="CMake Files\"/>
		</Unit>
		<Unit filename="/Users/zivlazarov/Projects/C++/MyRPGGame/../../../../../Library/Frameworks/SFML.framework/Resources/CMake/SFMLConfig.cmake">
			<Option virtualFolder="CMake Files\..\..\..\..\..\Library\Frameworks\SFML.framework\Resources\CMake\"/>
		</Unit>
		<Unit filename="/Users/zivlazarov/Projects/C++/MyRPGGame/../../../../../Library/Frameworks/SFML.framework/Resources/CMake/SFMLConfigDependencies.cmake">
			<Option virtualFolder="CMake Files\..\..\..\..\..\Library\Frameworks\SFML.framework\Resources\CMake\"/>
		</Unit>
		<Unit filename="/Users/zivlazarov/Projects/C++/MyRPGGame/../../../../../Library/Frameworks/SFML.framework/Resources/CMake/SFMLConfigVersion.cmake">
			<Option virtualFolder="CMake Files\..\..\..\..\..\Library\Frameworks\SFML.framework\Resources\CMake\"/>
		</Unit>
		<Unit filename="/Users/zivlazarov/Projects/C++/MyRPGGame/../../../../../Library/Frameworks/SFML.framework/Resources/CMake/SFMLSharedTargets-release.cmake">
			<Option virtualFolder="CMake Files\..\..\..\..\..\Library\Frameworks\SFML.framework\Resources\CMake\"/>
		</Unit>
		<Unit filename="/Users/zivlazarov/Projects/C++/MyRPGGame/../../../../../Library/Frameworks/SFML.framework/Resources/CMake/SFMLSharedTargets.cmake">
			<Option virtualFolder="CMake Files\..\..\..\..\..\Library\Frameworks\SFML.framework\Resources\CMake\"/>
		</Unit>
	</Project>
</CodeBlocks_project_file>
