
Microsoft Visual Studio Solution File, Format Version 12.00
# Visual Studio Version 17
VisualStudioVersion = 17.2.32616.157
MinimumVisualStudioVersion = 10.0.40219.1
Project("{9A19103F-16F7-4668-BE54-9A1E7A4F7556}") = "RpgAPI", "RpgAPI\RpgAPI.csproj", "{D1F14D85-53C4-4DD2-957B-3EFEA9580B37}"
EndProject
Global
	GlobalSection(SolutionConfigurationPlatforms) = preSolution
		Debug|Any CPU = Debug|Any CPU
		Release|Any CPU = Release|Any CPU
	EndGlobalSection
	GlobalSection(ProjectConfigurationPlatforms) = postSolution
		{D1F14D85-53C4-4DD2-957B-3EFEA9580B37}.Debug|Any CPU.ActiveCfg = Debug|Any CPU
		{D1F14D85-53C4-4DD2-957B-3EFEA9580B37}.Debug|Any CPU.Build.0 = Debug|Any CPU
		{D1F14D85-53C4-4DD2-957B-3EFEA9580B37}.Release|Any CPU.ActiveCfg = Release|Any CPU
		{D1F14D85-53C4-4DD2-957B-3EFEA9580B37}.Release|Any CPU.Build.0 = Release|Any CPU
	EndGlobalSection
	GlobalSection(SolutionProperties) = preSolution
		HideSolutionNode = FALSE
	EndGlobalSection
	GlobalSection(ExtensibilityGlobals) = postSolution
		SolutionGuid = {11544F98-E44C-4E76-AFD1-D3CA7C222262}
	EndGlobalSection
EndGlobal
